
Microsoft Visual Studio Solution File, Format Version 12.00
# Visual Studio Version 17
VisualStudioVersion = 17.2.32616.157
MinimumVisualStudioVersion = 10.0.40219.1
Project("{FAE04EC0-301F-11D3-BF4B-00C04F79EFBC}") = "LambadaPracticeProblem", "LambadaPracticeProblem\LambadaPracticeProblem.csproj", "{693A7A41-4DF0-4C07-B394-6FFE1F3E7DE7}"
EndProject
Global
	GlobalSection(SolutionConfigurationPlatforms) = preSolution
		Debug|Any CPU = Debug|Any CPU
		Release|Any CPU = Release|Any CPU
	EndGlobalSection
	GlobalSection(ProjectConfigurationPlatforms) = postSolution
		{693A7A41-4DF0-4C07-B394-6FFE1F3E7DE7}.Debug|Any CPU.ActiveCfg = Debug|Any CPU
		{693A7A41-4DF0-4C07-B394-6FFE1F3E7DE7}.Debug|Any CPU.Build.0 = Debug|Any CPU
		{693A7A41-4DF0-4C07-B394-6FFE1F3E7DE7}.Release|Any CPU.ActiveCfg = Release|Any CPU
		{693A7A41-4DF0-4C07-B394-6FFE1F3E7DE7}.Release|Any CPU.Build.0 = Release|Any CPU
	EndGlobalSection
	GlobalSection(SolutionProperties) = preSolution
		HideSolutionNode = FALSE
	EndGlobalSection
	GlobalSection(ExtensibilityGlobals) = postSolution
		SolutionGuid = {C8805C28-190A-409F-9F10-ABAA79DFE9AD}
	EndGlobalSection
EndGlobal
